// !$*UTF8*$!
{
	archiveVersion = 1;
	classes = {
	};
	objectVersion = 46;
	objects = {

/* Begin PBXBuildFile section */
		9D4133CC1A5F6F8300B3E271 /* AppDelegate.swift in Sources */ = {isa = PBXBuildFile; fileRef = 9D4133CB1A5F6F8300B3E271 /* AppDelegate.swift */; };
		9D4133CE1A5F6F8300B3E271 /* ViewController.swift in Sources */ = {isa = PBXBuildFile; fileRef = 9D4133CD1A5F6F8300B3E271 /* ViewController.swift */; };
		9D4133D11A5F6F8300B3E271 /* Main.storyboard in Resources */ = {isa = PBXBuildFile; fileRef = 9D4133CF1A5F6F8300B3E271 /* Main.storyboard */; };
		9D4133D31A5F6F8300B3E271 /* Images.xcassets in Resources */ = {isa = PBXBuildFile; fileRef = 9D4133D21A5F6F8300B3E271 /* Images.xcassets */; };
		9D4133D61A5F6F8300B3E271 /* LaunchScreen.xib in Resources */ = {isa = PBXBuildFile; fileRef = 9D4133D41A5F6F8300B3E271 /* LaunchScreen.xib */; };
		9D4133E21A5F6F8300B3E271 /* mySwiftTests.swift in Sources */ = {isa = PBXBuildFile; fileRef = 9D4133E11A5F6F8300B3E271 /* mySwiftTests.swift */; };
		9D93025C1BD63EC00036B778 /* dist in Resources */ = {isa = PBXBuildFile; fileRef = 9D93025B1BD63EC00036B778 /* dist */; };
		9DF4F40F1BD4D86E004B25F1 /* echarts-m-modular.html in Resources */ = {isa = PBXBuildFile; fileRef = 9DF4F40D1BD4D86E004B25F1 /* echarts-m-modular.html */; };
		9DF4F42B1BD4DD44004B25F1 /* echarts-m-plain.html in Resources */ = {isa = PBXBuildFile; fileRef = 9DF4F42A1BD4DD44004B25F1 /* echarts-m-plain.html */; };
/* End PBXBuildFile section */

/* Begin PBXContainerItemProxy section */
		9D4133DC1A5F6F8300B3E271 /* PBXContainerItemProxy */ = {
			isa = PBXContainerItemProxy;
			containerPortal = 9D4133BE1A5F6F8300B3E271 /* Project object */;
			proxyType = 1;
			remoteGlobalIDString = 9D4133C51A5F6F8300B3E271;
			remoteInfo = mySwift;
		};
/* End PBXContainerItemProxy section */

/* Begin PBXFileReference section */
		9D4133C61A5F6F8300B3E271 /* mySwift.app */ = {isa = PBXFileReference; explicitFileType = wrapper.application; includeInIndex = 0; path = mySwift.app; sourceTree = BUILT_PRODUCTS_DIR; };
		9D4133CA1A5F6F8300B3E271 /* Info.plist */ = {isa = PBXFileReference; lastKnownFileType = text.plist.xml; path = Info.plist; sourceTree = "<group>"; };
		9D4133CB1A5F6F8300B3E271 /* AppDelegate.swift */ = {isa = PBXFileReference; lastKnownFileType = sourcecode.swift; path = AppDelegate.swift; sourceTree = "<group>"; };
		9D4133CD1A5F6F8300B3E271 /* ViewController.swift */ = {isa = PBXFileReference; lastKnownFileType = sourcecode.swift; path = ViewController.swift; sourceTree = "<group>"; };
		9D4133D01A5F6F8300B3E271 /* Base */ = {isa = PBXFileReference; lastKnownFileType = file.storyboard; name = Base; path = Base.lproj/Main.storyboard; sourceTree = "<group>"; };
		9D4133D21A5F6F8300B3E271 /* Images.xcassets */ = {isa = PBXFileReference; lastKnownFileType = folder.assetcatalog; path = Images.xcassets; sourceTree = "<group>"; };
		9D4133D51A5F6F8300B3E271 /* Base */ = {isa = PBXFileReference; lastKnownFileType = file.xib; name = Base; path = Base.lproj/LaunchScreen.xib; sourceTree = "<group>"; };
		9D4133DB1A5F6F8300B3E271 /* mySwiftTests.xctest */ = {isa = PBXFileReference; explicitFileType = wrapper.cfbundle; includeInIndex = 0; path = mySwiftTests.xctest; sourceTree = BUILT_PRODUCTS_DIR; };
		9D4133E01A5F6F8300B3E271 /* Info.plist */ = {isa = PBXFileReference; lastKnownFileType = text.plist.xml; path = Info.plist; sourceTree = "<group>"; };
		9D4133E11A5F6F8300B3E271 /* mySwiftTests.swift */ = {isa = PBXFileReference; lastKnownFileType = sourcecode.swift; path = mySwiftTests.swift; sourceTree = "<group>"; };
		9D4133EB1A5F744700B3E271 /* MyPlayground.playground */ = {isa = PBXFileReference; lastKnownFileType = file.playground; path = MyPlayground.playground; sourceTree = "<group>"; };
		9D417A1F1BE3747800A6114E /* SubscriptsAndLater.playground */ = {isa = PBXFileReference; lastKnownFileType = file.playground; path = SubscriptsAndLater.playground; sourceTree = "<group>"; };
		9D93025B1BD63EC00036B778 /* dist */ = {isa = PBXFileReference; lastKnownFileType = folder; path = dist; sourceTree = "<group>"; };
		9DF4F40D1BD4D86E004B25F1 /* echarts-m-modular.html */ = {isa = PBXFileReference; fileEncoding = 4; lastKnownFileType = text.html; path = "echarts-m-modular.html"; sourceTree = "<group>"; };
		9DF4F42A1BD4DD44004B25F1 /* echarts-m-plain.html */ = {isa = PBXFileReference; fileEncoding = 4; lastKnownFileType = text.html; path = "echarts-m-plain.html"; sourceTree = "<group>"; };
		9DF6B5871C27CD8C009EA76F /* ErrorHanding.playground */ = {isa = PBXFileReference; lastKnownFileType = file.playground; path = ErrorHanding.playground; sourceTree = "<group>"; };
/* End PBXFileReference section */

/* Begin PBXFrameworksBuildPhase section */
		9D4133C31A5F6F8300B3E271 /* Frameworks */ = {
			isa = PBXFrameworksBuildPhase;
			buildActionMask = 2147483647;
			files = (
			);
			runOnlyForDeploymentPostprocessing = 0;
		};
		9D4133D81A5F6F8300B3E271 /* Frameworks */ = {
			isa = PBXFrameworksBuildPhase;
			buildActionMask = 2147483647;
			files = (
			);
			runOnlyForDeploymentPostprocessing = 0;
		};
/* End PBXFrameworksBuildPhase section */

/* Begin PBXGroup section */
		9D4133BD1A5F6F8200B3E271 = {
			isa = PBXGroup;
			children = (
				9D4133C81A5F6F8300B3E271 /* mySwift */,
				9D4133DE1A5F6F8300B3E271 /* mySwiftTests */,
				9D4133C71A5F6F8300B3E271 /* Products */,
			);
			sourceTree = "<group>";
		};
		9D4133C71A5F6F8300B3E271 /* Products */ = {
			isa = PBXGroup;
			children = (
				9D4133C61A5F6F8300B3E271 /* mySwift.app */,
				9D4133DB1A5F6F8300B3E271 /* mySwiftTests.xctest */,
			);
			name = Products;
			sourceTree = "<group>";
		};
		9D4133C81A5F6F8300B3E271 /* mySwift */ = {
			isa = PBXGroup;
			children = (
				9D417A1F1BE3747800A6114E /* SubscriptsAndLater.playground */,
				9D93025B1BD63EC00036B778 /* dist */,
				9DF4F40D1BD4D86E004B25F1 /* echarts-m-modular.html */,
				9DF4F42A1BD4DD44004B25F1 /* echarts-m-plain.html */,
				9D4133CB1A5F6F8300B3E271 /* AppDelegate.swift */,
				9D4133CD1A5F6F8300B3E271 /* ViewController.swift */,
				9D4133CF1A5F6F8300B3E271 /* Main.storyboard */,
				9D4133D21A5F6F8300B3E271 /* Images.xcassets */,
				9D4133D41A5F6F8300B3E271 /* LaunchScreen.xib */,
				9D4133C91A5F6F8300B3E271 /* Supporting Files */,
				9D4133EB1A5F744700B3E271 /* MyPlayground.playground */,
				9DF6B5871C27CD8C009EA76F /* ErrorHanding.playground */,
			);
			path = mySwift;
			sourceTree = "<group>";
		};
		9D4133C91A5F6F8300B3E271 /* Supporting Files */ = {
			isa = PBXGroup;
			children = (
				9D4133CA1A5F6F8300B3E271 /* Info.plist */,
			);
			name = "Supporting Files";
			sourceTree = "<group>";
		};
		9D4133DE1A5F6F8300B3E271 /* mySwiftTests */ = {
			isa = PBXGroup;
			children = (
				9D4133E11A5F6F8300B3E271 /* mySwiftTests.swift */,
				9D4133DF1A5F6F8300B3E271 /* Supporting Files */,
			);
			path = mySwiftTests;
			sourceTree = "<group>";
		};
		9D4133DF1A5F6F8300B3E271 /* Supporting Files */ = {
			isa = PBXGroup;
			children = (
				9D4133E01A5F6F8300B3E271 /* Info.plist */,
			);
			name = "Supporting Files";
			sourceTree = "<group>";
		};
/* End PBXGroup section */

/* Begin PBXNativeTarget section */
		9D4133C51A5F6F8300B3E271 /* mySwift */ = {
			isa = PBXNativeTarget;
			buildConfigurationList = 9D4133E51A5F6F8300B3E271 /* Build configuration list for PBXNativeTarget "mySwift" */;
			buildPhases = (
				9D4133C21A5F6F8300B3E271 /* Sources */,
				9D4133C31A5F6F8300B3E271 /* Frameworks */,
				9D4133C41A5F6F8300B3E271 /* Resources */,
			);
			buildRules = (
			);
			dependencies = (
			);
			name = mySwift;
			productName = mySwift;
			productReference = 9D4133C61A5F6F8300B3E271 /* mySwift.app */;
			productType = "com.apple.product-type.application";
		};
		9D4133DA1A5F6F8300B3E271 /* mySwiftTests */ = {
			isa = PBXNativeTarget;
			buildConfigurationList = 9D4133E81A5F6F8300B3E271 /* Build configuration list for PBXNativeTarget "mySwiftTests" */;
			buildPhases = (
				9D4133D71A5F6F8300B3E271 /* Sources */,
				9D4133D81A5F6F8300B3E271 /* Frameworks */,
				9D4133D91A5F6F8300B3E271 /* Resources */,
			);
			buildRules = (
			);
			dependencies = (
				9D4133DD1A5F6F8300B3E271 /* PBXTargetDependency */,
			);
			name = mySwiftTests;
			productName = mySwiftTests;
			productReference = 9D4133DB1A5F6F8300B3E271 /* mySwiftTests.xctest */;
			productType = "com.apple.product-type.bundle.unit-test";
		};
/* End PBXNativeTarget section */

/* Begin PBXProject section */
		9D4133BE1A5F6F8300B3E271 /* Project object */ = {
			isa = PBXProject;
			attributes = {
				LastSwiftUpdateCheck = 0700;
				LastUpgradeCheck = 0620;
				ORGANIZATIONNAME = Sailinghj;
				TargetAttributes = {
					9D4133C51A5F6F8300B3E271 = {
						CreatedOnToolsVersion = 6.2;
						DevelopmentTeam = 7UAW7NKQRW;
					};
					9D4133DA1A5F6F8300B3E271 = {
						CreatedOnToolsVersion = 6.2;
						TestTargetID = 9D4133C51A5F6F8300B3E271;
					};
				};
			};
			buildConfigurationList = 9D4133C11A5F6F8300B3E271 /* Build configuration list for PBXProject "mySwift" */;
			compatibilityVersion = "Xcode 3.2";
			developmentRegion = English;
			hasScannedForEncodings = 0;
			knownRegions = (
				en,
				Base,
			);
			mainGroup = 9D4133BD1A5F6F8200B3E271;
			productRefGroup = 9D4133C71A5F6F8300B3E271 /* Products */;
			projectDirPath = "";
			projectRoot = "";
			targets = (
				9D4133C51A5F6F8300B3E271 /* mySwift */,
				9D4133DA1A5F6F8300B3E271 /* mySwiftTests */,
			);
		};
/* End PBXProject section */

/* Begin PBXResourcesBuildPhase section */
		9D4133C41A5F6F8300B3E271 /* Resources */ = {
			isa = PBXResourcesBuildPhase;
			buildActionMask = 2147483647;
			files = (
				9D93025C1BD63EC00036B778 /* dist in Resources */,
				9D4133D11A5F6F8300B3E271 /* Main.storyboard in Resources */,
				9DF4F42B1BD4DD44004B25F1 /* echarts-m-plain.html in Resources */,
				9D4133D61A5F6F8300B3E271 /* LaunchScreen.xib in Resources */,
				9DF4F40F1BD4D86E004B25F1 /* echarts-m-modular.html in Resources */,
				9D4133D31A5F6F8300B3E271 /* Images.xcassets in Resources */,
			);
			runOnlyForDeploymentPostprocessing = 0;
		};
		9D4133D91A5F6F8300B3E271 /* Resources */ = {
			isa = PBXResourcesBuildPhase;
			buildActionMask = 2147483647;
			files = (
			);
			runOnlyForDeploymentPostprocessing = 0;
		};
/* End PBXResourcesBuildPhase section */

/* Begin PBXSourcesBuildPhase section */
		9D4133C21A5F6F8300B3E271 /* Sources */ = {
			isa = PBXSourcesBuildPhase;
			buildActionMask = 2147483647;
			files = (
				9D4133CE1A5F6F8300B3E271 /* ViewController.swift in Sources */,
				9D4133CC1A5F6F8300B3E271 /* AppDelegate.swift in Sources */,
			);
			runOnlyForDeploymentPostprocessing = 0;
		};
		9D4133D71A5F6F8300B3E271 /* Sources */ = {
			isa = PBXSourcesBuildPhase;
			buildActionMask = 2147483647;
			files = (
				9D4133E21A5F6F8300B3E271 /* mySwiftTests.swift in Sources */,
			);
			runOnlyForDeploymentPostprocessing = 0;
		};
/* End PBXSourcesBuildPhase section */

/* Begin PBXTargetDependency section */
		9D4133DD1A5F6F8300B3E271 /* PBXTargetDependency */ = {
			isa = PBXTargetDependency;
			target = 9D4133C51A5F6F8300B3E271 /* mySwift */;
			targetProxy = 9D4133DC1A5F6F8300B3E271 /* PBXContainerItemProxy */;
		};
/* End PBXTargetDependency section */

/* Begin PBXVariantGroup section */
		9D4133CF1A5F6F8300B3E271 /* Main.storyboard */ = {
			isa = PBXVariantGroup;
			children = (
				9D4133D01A5F6F8300B3E271 /* Base */,
			);
			name = Main.storyboard;
			sourceTree = "<group>";
		};
		9D4133D41A5F6F8300B3E271 /* LaunchScreen.xib */ = {
			isa = PBXVariantGroup;
			children = (
				9D4133D51A5F6F8300B3E271 /* Base */,
			);
			name = LaunchScreen.xib;
			sourceTree = "<group>";
		};
/* End PBXVariantGroup section */

/* Begin XCBuildConfiguration section */
		9D4133E31A5F6F8300B3E271 /* Debug */ = {
			isa = XCBuildConfiguration;
			buildSettings = {
				ALWAYS_SEARCH_USER_PATHS = NO;
				CLANG_CXX_LANGUAGE_STANDARD = "gnu++0x";
				CLANG_CXX_LIBRARY = "libc++";
				CLANG_ENABLE_MODULES = YES;
				CLANG_ENABLE_OBJC_ARC = YES;
				CLANG_WARN_BOOL_CONVERSION = YES;
				CLANG_WARN_CONSTANT_CONVERSION = YES;
				CLANG_WARN_DIRECT_OBJC_ISA_USAGE = YES_ERROR;
				CLANG_WARN_EMPTY_BODY = YES;
				CLANG_WARN_ENUM_CONVERSION = YES;
				CLANG_WARN_INT_CONVERSION = YES;
				CLANG_WARN_OBJC_ROOT_CLASS = YES_ERROR;
				CLANG_WARN_UNREACHABLE_CODE = YES;
				CLANG_WARN__DUPLICATE_METHOD_MATCH = YES;
				"CODE_SIGN_IDENTITY[sdk=iphoneos*]" = "iPhone Developer";
				COPY_PHASE_STRIP = NO;
				ENABLE_STRICT_OBJC_MSGSEND = YES;
				GCC_C_LANGUAGE_STANDARD = gnu99;
				GCC_DYNAMIC_NO_PIC = NO;
				GCC_OPTIMIZATION_LEVEL = 0;
				GCC_PREPROCESSOR_DEFINITIONS = (
					"DEBUG=1",
					"$(inherited)",
				);
				GCC_SYMBOLS_PRIVATE_EXTERN = NO;
				GCC_WARN_64_TO_32_BIT_CONVERSION = YES;
				GCC_WARN_ABOUT_RETURN_TYPE = YES_ERROR;
				GCC_WARN_UNDECLARED_SELECTOR = YES;
				GCC_WARN_UNINITIALIZED_AUTOS = YES_AGGRESSIVE;
				GCC_WARN_UNUSED_FUNCTION = YES;
				GCC_WARN_UNUSED_VARIABLE = YES;
				IPHONEOS_DEPLOYMENT_TARGET = 8.2;
				MTL_ENABLE_DEBUG_INFO = YES;
				ONLY_ACTIVE_ARCH = YES;
				SDKROOT = iphoneos;
				SWIFT_OPTIMIZATION_LEVEL = "-Onone";
			};
			name = Debug;
		};
		9D4133E41A5F6F8300B3E271 /* Release */ = {
			isa = XCBuildConfiguration;
			buildSettings = {
				ALWAYS_SEARCH_USER_PATHS = NO;
				CLANG_CXX_LANGUAGE_STANDARD = "gnu++0x";
				CLANG_CXX_LIBRARY = "libc++";
				CLANG_ENABLE_MODULES = YES;
				CLANG_ENABLE_OBJC_ARC = YES;
				CLANG_WARN_BOOL_CONVERSION = YES;
				CLANG_WARN_CONSTANT_CONVERSION = YES;
				CLANG_WARN_DIRECT_OBJC_ISA_USAGE = YES_ERROR;
				CLANG_WARN_EMPTY_BODY = YES;
				CLANG_WARN_ENUM_CONVERSION = YES;
				CLANG_WARN_INT_CONVERSION = YES;
				CLANG_WARN_OBJC_ROOT_CLASS = YES_ERROR;
				CLANG_WARN_UNREACHABLE_CODE = YES;
				CLANG_WARN__DUPLICATE_METHOD_MATCH = YES;
				"CODE_SIGN_IDENTITY[sdk=iphoneos*]" = "iPhone Developer";
				COPY_PHASE_STRIP = YES;
				ENABLE_NS_ASSERTIONS = NO;
				ENABLE_STRICT_OBJC_MSGSEND = YES;
				GCC_C_LANGUAGE_STANDARD = gnu99;
				GCC_WARN_64_TO_32_BIT_CONVERSION = YES;
				GCC_WARN_ABOUT_RETURN_TYPE = YES_ERROR;
				GCC_WARN_UNDECLARED_SELECTOR = YES;
				GCC_WARN_UNINITIALIZED_AUTOS = YES_AGGRESSIVE;
				GCC_WARN_UNUSED_FUNCTION = YES;
				GCC_WARN_UNUSED_VARIABLE = YES;
				IPHONEOS_DEPLOYMENT_TARGET = 8.2;
				MTL_ENABLE_DEBUG_INFO = NO;
				SDKROOT = iphoneos;
				VALIDATE_PRODUCT = YES;
			};
			name = Release;
		};
		9D4133E61A5F6F8300B3E271 /* Debug */ = {
			isa = XCBuildConfiguration;
			buildSettings = {
				ASSETCATALOG_COMPILER_APPICON_NAME = AppIcon;
				CODE_SIGN_IDENTITY = "iPhone Developer";
				INFOPLIST_FILE = mySwift/Info.plist;
				LD_RUNPATH_SEARCH_PATHS = "$(inherited) @executable_path/Frameworks";
				PRODUCT_NAME = "$(TARGET_NAME)";
			};
			name = Debug;
		};
		9D4133E71A5F6F8300B3E271 /* Release */ = {
			isa = XCBuildConfiguration;
			buildSettings = {
				ASSETCATALOG_COMPILER_APPICON_NAME = AppIcon;
				CODE_SIGN_IDENTITY = "iPhone Developer";
				INFOPLIST_FILE = mySwift/Info.plist;
				LD_RUNPATH_SEARCH_PATHS = "$(inherited) @executable_path/Frameworks";
				PRODUCT_NAME = "$(TARGET_NAME)";
			};
			name = Release;
		};
		9D4133E91A5F6F8300B3E271 /* Debug */ = {
			isa = XCBuildConfiguration;
			buildSettings = {
				BUNDLE_LOADER = "$(TEST_HOST)";
				FRAMEWORK_SEARCH_PATHS = (
					"$(SDKROOT)/Developer/Library/Frameworks",
					"$(inherited)",
				);
				GCC_PREPROCESSOR_DEFINITIONS = (
					"DEBUG=1",
					"$(inherited)",
				);
				INFOPLIST_FILE = mySwiftTests/Info.plist;
				LD_RUNPATH_SEARCH_PATHS = "$(inherited) @executable_path/Frameworks @loader_path/Frameworks";
				PRODUCT_NAME = "$(TARGET_NAME)";
				TEST_HOST = "$(BUILT_PRODUCTS_DIR)/mySwift.app/mySwift";
			};
			name = Debug;
		};
		9D4133EA1A5F6F8300B3E271 /* Release */ = {
			isa = XCBuildConfiguration;
			buildSettings = {
				BUNDLE_LOADER = "$(TEST_HOST)";
				FRAMEWORK_SEARCH_PATHS = (
					"$(SDKROOT)/Developer/Library/Frameworks",
					"$(inherited)",
				);
				INFOPLIST_FILE = mySwiftTests/Info.plist;
				LD_RUNPATH_SEARCH_PATHS = "$(inherited) @executable_path/Frameworks @loader_path/Frameworks";
				PRODUCT_NAME = "$(TARGET_NAME)";
				TEST_HOST = "$(BUILT_PRODUCTS_DIR)/mySwift.app/mySwift";
			};
			name = Release;
		};
/* End XCBuildConfiguration section */

/* Begin XCConfigurationList section */
		9D4133C11A5F6F8300B3E271 /* Build configuration list for PBXProject "mySwift" */ = {
			isa = XCConfigurationList;
			buildConfigurations = (
				9D4133E31A5F6F8300B3E271 /* Debug */,
				9D4133E41A5F6F8300B3E271 /* Release */,
			);
			defaultConfigurationIsVisible = 0;
			defaultConfigurationName = Release;
		};
		9D4133E51A5F6F8300B3E271 /* Build configuration list for PBXNativeTarget "mySwift" */ = {
			isa = XCConfigurationList;
			buildConfigurations = (
				9D4133E61A5F6F8300B3E271 /* Debug */,
				9D4133E71A5F6F8300B3E271 /* Release */,
			);
			defaultConfigurationIsVisible = 0;
			defaultConfigurationName = Release;
		};
		9D4133E81A5F6F8300B3E271 /* Build configuration list for PBXNativeTarget "mySwiftTests" */ = {
			isa = XCConfigurationList;
			buildConfigurations = (
				9D4133E91A5F6F8300B3E271 /* Debug */,
				9D4133EA1A5F6F8300B3E271 /* Release */,
			);
			defaultConfigurationIsVisible = 0;
			defaultConfigurationName = Release;
		};
/* End XCConfigurationList section */
	};
	rootObject = 9D4133BE1A5F6F8300B3E271 /* Project object */;
}
